
Microsoft Visual Studio Solution File, Format Version 12.00
# Visual Studio Version 17
VisualStudioVersion = 17.6.33829.357
MinimumVisualStudioVersion = 10.0.40219.1
Project("{FAE04EC0-301F-11D3-BF4B-00C04F79EFBC}") = "TestTask", "TestTask.csproj", "{EBE24CDA-3F9E-4CA1-9F61-111281AC29C2}"
EndProject
Global
	GlobalSection(SolutionConfigurationPlatforms) = preSolution
		Debug|Any CPU = Debug|Any CPU
		Release|Any CPU = Release|Any CPU
		ReleaseHeating|Any CPU = ReleaseHeating|Any CPU
		ReleasePower|Any CPU = ReleasePower|Any CPU
	EndGlobalSection
	GlobalSection(ProjectConfigurationPlatforms) = postSolution
		{EBE24CDA-3F9E-4CA1-9F61-111281AC29C2}.Debug|Any CPU.ActiveCfg = Debug|Any CPU
		{EBE24CDA-3F9E-4CA1-9F61-111281AC29C2}.Debug|Any CPU.Build.0 = Debug|Any CPU
		{EBE24CDA-3F9E-4CA1-9F61-111281AC29C2}.Release|Any CPU.ActiveCfg = Release|Any CPU
		{EBE24CDA-3F9E-4CA1-9F61-111281AC29C2}.Release|Any CPU.Build.0 = Release|Any CPU
		{EBE24CDA-3F9E-4CA1-9F61-111281AC29C2}.ReleaseHeating|Any CPU.ActiveCfg = ReleaseHeating|Any CPU
		{EBE24CDA-3F9E-4CA1-9F61-111281AC29C2}.ReleaseHeating|Any CPU.Build.0 = ReleaseHeating|Any CPU
		{EBE24CDA-3F9E-4CA1-9F61-111281AC29C2}.ReleasePower|Any CPU.ActiveCfg = ReleasePower|Any CPU
		{EBE24CDA-3F9E-4CA1-9F61-111281AC29C2}.ReleasePower|Any CPU.Build.0 = ReleasePower|Any CPU
	EndGlobalSection
	GlobalSection(SolutionProperties) = preSolution
		HideSolutionNode = FALSE
	EndGlobalSection
	GlobalSection(ExtensibilityGlobals) = postSolution
		SolutionGuid = {B1D0095C-8B78-4815-8D32-EEEA4AD91DB6}
	EndGlobalSection
EndGlobal
